{
  "object": {
    "pins": [
      {
        "package": "swift-argument-parser",
        "repositoryURL": "https://github.com/apple/swift-argument-parser",
        "state": {
          "branch": null,
          "revision": "223d62adc52d51669ae2ee19bdb8b7d9fd6fcd9c",
          "version": "0.0.6"
        }
      },
      {
        "package": "Benchmark",
        "repositoryURL": "https://github.com/shabalind/swift-benchmark",
        "state": {
          "branch": "topic/fix-adaptive-nontermination",
          "revision": "7e878c3f143ad4cfc040c9ee22bb36dea646bde1",
          "version": null
        }
      }
    ]
  },
  "version": 1
}
